<?xml version="1.0" encoding="utf-8"?>
<Project ToolsVersion="15.0" xmlns="http://schemas.microsoft.com/developer/msbuild/2003">
  <ItemGroup>
    <ClCompile Include=".\src\openvslam\config.cc" />
    <ClCompile Include=".\src\openvslam\system.cc" />
    <ClCompile Include=".\src\openvslam\tracking_module.cc" />
    <ClCompile Include=".\src\openvslam\mapping_module.cc" />
    <ClCompile Include=".\src\openvslam\global_optimization_module.cc" />
    <ClCompile Include=".\src\openvslam\camera\base.cc" />
    <ClCompile Include=".\src\openvslam\camera\perspective.cc" />
    <ClCompile Include=".\src\openvslam\camera\fisheye.cc" />
    <ClCompile Include=".\src\openvslam\camera\equirectangular.cc" />
    <ClCompile Include=".\src\openvslam\data\common.cc" />
    <ClCompile Include=".\src\openvslam\data\frame.cc" />
    <ClCompile Include=".\src\openvslam\data\keyframe.cc" />
    <ClCompile Include=".\src\openvslam\data\landmark.cc" />
    <ClCompile Include=".\src\openvslam\data\graph_node.cc" />
    <ClCompile Include=".\src\openvslam\data\camera_database.cc" />
    <ClCompile Include=".\src\openvslam\data\map_database.cc" />
    <ClCompile Include=".\src\openvslam\data\bow_database.cc" />
    <ClCompile Include=".\src\openvslam\data\frame_statistics.cc" />
    <ClCompile Include=".\src\openvslam\feature\orb_params.cc" />
    <ClCompile Include=".\src\openvslam\feature\orb_extractor.cc" />
    <ClCompile Include=".\src\openvslam\feature\orb_extractor_node.cc" />
    <ClCompile Include=".\src\openvslam\initialize\base.cc" />
    <ClCompile Include=".\src\openvslam\initialize\perspective.cc" />
    <ClCompile Include=".\src\openvslam\initialize\bearing_vector.cc" />
    <ClCompile Include=".\src\openvslam\io\trajectory_io.cc" />
    <ClCompile Include=".\src\openvslam\io\map_database_io.cc" />
    <ClCompile Include=".\src\openvslam\match\area.cc" />
    <ClCompile Include=".\src\openvslam\match\bow_tree.cc" />
    <ClCompile Include=".\src\openvslam\match\fuse.cc" />
    <ClCompile Include=".\src\openvslam\match\projection.cc" />
    <ClCompile Include=".\src\openvslam\match\robust.cc" />
    <ClCompile Include=".\src\openvslam\match\stereo.cc" />
    <ClCompile Include=".\src\openvslam\module\initializer.cc" />
    <ClCompile Include=".\src\openvslam\module\relocalizer.cc" />
    <ClCompile Include=".\src\openvslam\module\frame_tracker.cc" />
    <ClCompile Include=".\src\openvslam\module\keyframe_inserter.cc" />
    <ClCompile Include=".\src\openvslam\module\two_view_triangulator.cc" />
    <ClCompile Include=".\src\openvslam\module\local_map_cleaner.cc" />
    <ClCompile Include=".\src\openvslam\module\local_map_updater.cc" />
    <ClCompile Include=".\src\openvslam\module\loop_detector.cc" />
    <ClCompile Include=".\src\openvslam\module\loop_bundle_adjuster.cc" />
    <ClCompile Include=".\src\openvslam\optimize\pose_optimizer.cc" />
    <ClCompile Include=".\src\openvslam\optimize\local_bundle_adjuster.cc" />
    <ClCompile Include=".\src\openvslam\optimize\transform_optimizer.cc" />
    <ClCompile Include=".\src\openvslam\optimize\graph_optimizer.cc" />
    <ClCompile Include=".\src\openvslam\optimize\global_bundle_adjuster.cc" />
    <ClCompile Include=".\src\openvslam\optimize\g2o\landmark_vertex.cc" />
    <ClCompile Include=".\src\openvslam\optimize\g2o\landmark_vertex_container.cc" />
    <ClCompile Include=".\src\openvslam\optimize\g2o\se3\shot_vertex.cc" />
    <ClCompile Include=".\src\openvslam\optimize\g2o\se3\shot_vertex_container.cc" />
    <ClCompile Include=".\src\openvslam\optimize\g2o\se3\perspective_pose_opt_edge.cc" />
    <ClCompile Include=".\src\openvslam\optimize\g2o\se3\perspective_reproj_edge.cc" />
    <ClCompile Include=".\src\openvslam\optimize\g2o\se3\equirectangular_pose_opt_edge.cc" />
    <ClCompile Include=".\src\openvslam\optimize\g2o\se3\equirectangular_reproj_edge.cc" />
    <ClCompile Include=".\src\openvslam\optimize\g2o\sim3\shot_vertex.cc" />
    <ClCompile Include=".\src\openvslam\optimize\g2o\sim3\graph_opt_edge.cc" />
    <ClCompile Include=".\src\openvslam\optimize\g2o\sim3\transform_vertex.cc" />
    <ClCompile Include=".\src\openvslam\optimize\g2o\sim3\backward_reproj_edge.cc" />
    <ClCompile Include=".\src\openvslam\optimize\g2o\sim3\forward_reproj_edge.cc" />
    <ClCompile Include=".\src\openvslam\publish\frame_publisher.cc" />
    <ClCompile Include=".\src\openvslam\publish\map_publisher.cc" />
    <ClCompile Include=".\src\openvslam\solve\common.cc" />
    <ClCompile Include=".\src\openvslam\solve\homography_solver.cc" />
    <ClCompile Include=".\src\openvslam\solve\fundamental_solver.cc" />
    <ClCompile Include=".\src\openvslam\solve\essential_solver.cc" />
    <ClCompile Include=".\src\openvslam\solve\pnp_solver.cc" />
    <ClCompile Include=".\src\openvslam\solve\sim3_solver.cc" />
    <ClCompile Include=".\src\openvslam\util\converter.cc" />
    <ClCompile Include=".\src\openvslam\util\image_converter.cc" />
    <ClCompile Include=".\src\openvslam\util\random_array.cc" />
    <ClCompile Include=".\src\openvslam\util\stereo_rectifier.cc" />
  </ItemGroup>
  <ItemGroup>
    <ClInclude Include=".\src\openvslam\config.h" />
    <ClInclude Include=".\src\openvslam\type.h" />
    <ClInclude Include=".\src\openvslam\system.h" />
    <ClInclude Include=".\src\openvslam\tracking_module.h" />
    <ClInclude Include=".\src\openvslam\mapping_module.h" />
    <ClInclude Include=".\src\openvslam\global_optimization_module.h" />
    <ClInclude Include=".\src\openvslam\camera\base.h" />
    <ClInclude Include=".\src\openvslam\camera\perspective.h" />
    <ClInclude Include=".\src\openvslam\camera\fisheye.h" />
    <ClInclude Include=".\src\openvslam\camera\equirectangular.h" />
    <ClInclude Include=".\src\openvslam\data\bow_vocabulary.h" />
    <ClInclude Include=".\src\openvslam\data\common.h" />
    <ClInclude Include=".\src\openvslam\data\frame.h" />
    <ClInclude Include=".\src\openvslam\data\keyframe.h" />
    <ClInclude Include=".\src\openvslam\data\landmark.h" />
    <ClInclude Include=".\src\openvslam\data\graph_node.h" />
    <ClInclude Include=".\src\openvslam\data\camera_database.h" />
    <ClInclude Include=".\src\openvslam\data\map_database.h" />
    <ClInclude Include=".\src\openvslam\data\bow_database.h" />
    <ClInclude Include=".\src\openvslam\data\frame_statistics.h" />
    <ClInclude Include=".\src\openvslam\feature\orb_params.h" />
    <ClInclude Include=".\src\openvslam\feature\orb_extractor.h" />
    <ClInclude Include=".\src\openvslam\feature\orb_extractor_node.h" />
    <ClInclude Include=".\src\openvslam\initialize\base.h" />
    <ClInclude Include=".\src\openvslam\initialize\perspective.h" />
    <ClInclude Include=".\src\openvslam\initialize\bearing_vector.h" />
    <ClInclude Include=".\src\openvslam\io\trajectory_io.h" />
    <ClInclude Include=".\src\openvslam\io\map_database_io.h" />
    <ClInclude Include=".\src\openvslam\match\area.h" />
    <ClInclude Include=".\src\openvslam\match\bow_tree.h" />
    <ClInclude Include=".\src\openvslam\match\fuse.h" />
    <ClInclude Include=".\src\openvslam\match\projection.h" />
    <ClInclude Include=".\src\openvslam\match\robust.h" />
    <ClInclude Include=".\src\openvslam\match\stereo.h" />
    <ClInclude Include=".\src\openvslam\module\initializer.h" />
    <ClInclude Include=".\src\openvslam\module\relocalizer.h" />
    <ClInclude Include=".\src\openvslam\module\frame_tracker.h" />
    <ClInclude Include=".\src\openvslam\module\keyframe_inserter.h" />
    <ClInclude Include=".\src\openvslam\module\two_view_triangulator.h" />
    <ClInclude Include=".\src\openvslam\module\local_map_cleaner.h" />
    <ClInclude Include=".\src\openvslam\module\local_map_updater.h" />
    <ClInclude Include=".\src\openvslam\module\loop_detector.h" />
    <ClInclude Include=".\src\openvslam\module\loop_bundle_adjuster.h" />
    <ClInclude Include=".\src\openvslam\optimize\pose_optimizer.h" />
    <ClInclude Include=".\src\openvslam\optimize\local_bundle_adjuster.h" />
    <ClInclude Include=".\src\openvslam\optimize\transform_optimizer.h" />
    <ClInclude Include=".\src\openvslam\optimize\graph_optimizer.h" />
    <ClInclude Include=".\src\openvslam\optimize\global_bundle_adjuster.h" />
    <ClInclude Include=".\src\openvslam\optimize\g2o\landmark_vertex.h" />
    <ClInclude Include=".\src\openvslam\optimize\g2o\landmark_vertex_container.h" />
    <ClInclude Include=".\src\openvslam\optimize\g2o\se3\shot_vertex.h" />
    <ClInclude Include=".\src\openvslam\optimize\g2o\se3\shot_vertex_container.h" />
    <ClInclude Include=".\src\openvslam\optimize\g2o\se3\perspective_pose_opt_edge.h" />
    <ClInclude Include=".\src\openvslam\optimize\g2o\se3\perspective_reproj_edge.h" />
    <ClInclude Include=".\src\openvslam\optimize\g2o\se3\equirectangular_pose_opt_edge.h" />
    <ClInclude Include=".\src\openvslam\optimize\g2o\se3\equirectangular_reproj_edge.h" />
    <ClInclude Include=".\src\openvslam\optimize\g2o\sim3\shot_vertex.h" />
    <ClInclude Include=".\src\openvslam\optimize\g2o\sim3\graph_opt_edge.h" />
    <ClInclude Include=".\src\openvslam\optimize\g2o\sim3\transform_vertex.h" />
    <ClInclude Include=".\src\openvslam\optimize\g2o\sim3\backward_reproj_edge.h" />
    <ClInclude Include=".\src\openvslam\optimize\g2o\sim3\forward_reproj_edge.h" />
    <ClInclude Include=".\src\openvslam\publish\frame_publisher.h" />
    <ClInclude Include=".\src\openvslam\publish\map_publisher.h" />
    <ClInclude Include=".\src\openvslam\solve\common.h" />
    <ClInclude Include=".\src\openvslam\solve\homography_solver.h" />
    <ClInclude Include=".\src\openvslam\solve\fundamental_solver.h" />
    <ClInclude Include=".\src\openvslam\solve\essential_solver.h" />
    <ClInclude Include=".\src\openvslam\solve\pnp_solver.h" />
    <ClInclude Include=".\src\openvslam\solve\sim3_solver.h" />
    <ClInclude Include=".\src\openvslam\util\converter.h" />
    <ClInclude Include=".\src\openvslam\util\image_converter.h" />
    <ClInclude Include=".\src\openvslam\util\random_array.h" />
  </ItemGroup>
  <ItemGroup>
    <Filter Include="Header Files">
      <UniqueIdentifier>{E6E74F79-6AD6-30D5-A3EB-1B92715D0AA4}</UniqueIdentifier>
    </Filter>
    <Filter Include="Source Files">
      <UniqueIdentifier>{54BB515F-08DA-394A-8F9D-0277C884EE9A}</UniqueIdentifier>
    </Filter>
  </ItemGroup>
</Project>